// !$*UTF8*$!
{
	archiveVersion = 1;
	classes = {
	};
	objectVersion = 46;
	objects = {

/* Begin PBXBuildFile section */
		4C7FA4402294802600A8FA1B /* GHCGUtils.h in Headers */ = {isa = PBXBuildFile; fileRef = 00D0227B154DF1C5003BAAC3 /* GHCGUtils.h */; settings = {ATTRIBUTES = (Public, ); }; };
		4C7FA4412294802600A8FA1B /* GHKit.h in Headers */ = {isa = PBXBuildFile; fileRef = 00D0227F154DF1C5003BAAC3 /* GHKit.h */; settings = {ATTRIBUTES = (Public, ); }; };
		4C7FA4422294802600A8FA1B /* GHKitDefines.h in Headers */ = {isa = PBXBuildFile; fileRef = 00D02280154DF1C5003BAAC3 /* GHKitDefines.h */; settings = {ATTRIBUTES = (Public, ); }; };
		4C7FA4442294802600A8FA1B /* GHNSArray+Utils.h in Headers */ = {isa = PBXBuildFile; fileRef = 00D02282154DF1C5003BAAC3 /* GHNSArray+Utils.h */; settings = {ATTRIBUTES = (Public, ); }; };
		4C7FA4452294802600A8FA1B /* GHNSBundle+Utils.h in Headers */ = {isa = PBXBuildFile; fileRef = 00D02284154DF1C5003BAAC3 /* GHNSBundle+Utils.h */; settings = {ATTRIBUTES = (Public, ); }; };
		4C7FA4462294802600A8FA1B /* GHNSDate+Formatters.h in Headers */ = {isa = PBXBuildFile; fileRef = 00D02286154DF1C5003BAAC3 /* GHNSDate+Formatters.h */; settings = {ATTRIBUTES = (Public, ); }; };
		4C7FA4472294802600A8FA1B /* GHNSDate+Utils.h in Headers */ = {isa = PBXBuildFile; fileRef = 00D02288154DF1C5003BAAC3 /* GHNSDate+Utils.h */; settings = {ATTRIBUTES = (Public, ); }; };
		4C7FA4482294802600A8FA1B /* GHNSDictionary+NSNull.h in Headers */ = {isa = PBXBuildFile; fileRef = 00D0228A154DF1C5003BAAC3 /* GHNSDictionary+NSNull.h */; settings = {ATTRIBUTES = (Public, ); }; };
		4C7FA4492294802600A8FA1B /* GHNSDictionary+Utils.h in Headers */ = {isa = PBXBuildFile; fileRef = 00D0228C154DF1C5003BAAC3 /* GHNSDictionary+Utils.h */; settings = {ATTRIBUTES = (Public, ); }; };
		4C7FA44A2294802600A8FA1B /* GHNSError+Utils.h in Headers */ = {isa = PBXBuildFile; fileRef = 00D0228E154DF1C5003BAAC3 /* GHNSError+Utils.h */; settings = {ATTRIBUTES = (Public, ); }; };
		4C7FA44B2294802600A8FA1B /* GHNSFileManager+Utils.h in Headers */ = {isa = PBXBuildFile; fileRef = 00D02290154DF1C5003BAAC3 /* GHNSFileManager+Utils.h */; settings = {ATTRIBUTES = (Public, ); }; };
		4C7FA44C2294802600A8FA1B /* GHNSInvocation+Utils.h in Headers */ = {isa = PBXBuildFile; fileRef = 00D02292154DF1C5003BAAC3 /* GHNSInvocation+Utils.h */; settings = {ATTRIBUTES = (Public, ); }; };
		4C7FA44D2294802600A8FA1B /* GHNSInvocationProxy.h in Headers */ = {isa = PBXBuildFile; fileRef = 00D02294154DF1C5003BAAC3 /* GHNSInvocationProxy.h */; settings = {ATTRIBUTES = (Public, ); }; };
		4C7FA44E2294802600A8FA1B /* GHNSMutableArray+Utils.h in Headers */ = {isa = PBXBuildFile; fileRef = 00D02296154DF1C5003BAAC3 /* GHNSMutableArray+Utils.h */; settings = {ATTRIBUTES = (Public, ); }; };
		4C7FA44F2294802600A8FA1B /* GHNSMutableDictionary+Utils.h in Headers */ = {isa = PBXBuildFile; fileRef = 00D02298154DF1C5003BAAC3 /* GHNSMutableDictionary+Utils.h */; settings = {ATTRIBUTES = (Public, ); }; };
		4C7FA4502294802600A8FA1B /* GHNSNotificationCenter+Utils.h in Headers */ = {isa = PBXBuildFile; fileRef = 00D0229A154DF1C5003BAAC3 /* GHNSNotificationCenter+Utils.h */; settings = {ATTRIBUTES = (Public, ); }; };
		4C7FA4512294802600A8FA1B /* GHNSNumber+Utils.h in Headers */ = {isa = PBXBuildFile; fileRef = 00D0229C154DF1C5003BAAC3 /* GHNSNumber+Utils.h */; settings = {ATTRIBUTES = (Public, ); }; };
		4C7FA4522294802600A8FA1B /* GHNSObject+Invocation.h in Headers */ = {isa = PBXBuildFile; fileRef = 00D0229E154DF1C5003BAAC3 /* GHNSObject+Invocation.h */; settings = {ATTRIBUTES = (Public, ); }; };
		4C7FA4532294802600A8FA1B /* GHNSObject+Utils.h in Headers */ = {isa = PBXBuildFile; fileRef = 00D022A0154DF1C5003BAAC3 /* GHNSObject+Utils.h */; settings = {ATTRIBUTES = (Public, ); }; };
		4C7FA4542294802600A8FA1B /* GHNSString+HMAC.h in Headers */ = {isa = PBXBuildFile; fileRef = 00D022A4154DF1C5003BAAC3 /* GHNSString+HMAC.h */; settings = {ATTRIBUTES = (Public, ); }; };
		4C7FA4552294802600A8FA1B /* GHNSString+TimeInterval.h in Headers */ = {isa = PBXBuildFile; fileRef = 00D022A6154DF1C5003BAAC3 /* GHNSString+TimeInterval.h */; settings = {ATTRIBUTES = (Public, ); }; };
		4C7FA4562294802600A8FA1B /* GHNSString+Utils.h in Headers */ = {isa = PBXBuildFile; fileRef = 00D022AA154DF1C5003BAAC3 /* GHNSString+Utils.h */; settings = {ATTRIBUTES = (Public, ); }; };
		4C7FA4572294802600A8FA1B /* GHNSString+XML.h in Headers */ = {isa = PBXBuildFile; fileRef = 00D022AC154DF1C5003BAAC3 /* GHNSString+XML.h */; settings = {ATTRIBUTES = (Public, ); }; };
		4C7FA4582294802600A8FA1B /* GHNSStringEnumerator.h in Headers */ = {isa = PBXBuildFile; fileRef = 00D022AE154DF1C5003BAAC3 /* GHNSStringEnumerator.h */; settings = {ATTRIBUTES = (Public, ); }; };
		4C7FA4592294802600A8FA1B /* GHNSURL+Utils.h in Headers */ = {isa = PBXBuildFile; fileRef = 00D022B0154DF1C5003BAAC3 /* GHNSURL+Utils.h */; settings = {ATTRIBUTES = (Public, ); }; };
		4C7FA45A2294802600A8FA1B /* GHNSUserDefaults+Utils.h in Headers */ = {isa = PBXBuildFile; fileRef = 00D022B2154DF1C5003BAAC3 /* GHNSUserDefaults+Utils.h */; settings = {ATTRIBUTES = (Public, ); }; };
		4C7FA45B2294802600A8FA1B /* GHReversableDictionary.h in Headers */ = {isa = PBXBuildFile; fileRef = 00D022B4154DF1C5003BAAC3 /* GHReversableDictionary.h */; settings = {ATTRIBUTES = (Public, ); }; };
		4C7FA45C2294802600A8FA1B /* GHValidators.h in Headers */ = {isa = PBXBuildFile; fileRef = 00D022B6154DF1C5003BAAC3 /* GHValidators.h */; settings = {ATTRIBUTES = (Public, ); }; };
		4C7FA45D2294802600A8FA1B /* GHNSObject+Swizzle.h in Headers */ = {isa = PBXBuildFile; fileRef = 00D022CD154DF1C5003BAAC3 /* GHNSObject+Swizzle.h */; settings = {ATTRIBUTES = (Public, ); }; };
		4C7FA45E2294802D00A8FA1B /* ydefines.h in Headers */ = {isa = PBXBuildFile; fileRef = 006BD88315AE2FF500D493AE /* ydefines.h */; };
		4C7FA45F2294802D00A8FA1B /* hmac.h in Headers */ = {isa = PBXBuildFile; fileRef = 00D022B9154DF1C5003BAAC3 /* hmac.h */; };
		4C7FA4602294802D00A8FA1B /* sha1.h in Headers */ = {isa = PBXBuildFile; fileRef = 00D022CB154DF1C5003BAAC3 /* sha1.h */; };
		4C7FA4612294804D00A8FA1B /* GHCGUtils.m in Sources */ = {isa = PBXBuildFile; fileRef = 00D0227C154DF1C5003BAAC3 /* GHCGUtils.m */; };
		4C7FA4622294804D00A8FA1B /* GHNSArray+Utils.m in Sources */ = {isa = PBXBuildFile; fileRef = 00D02283154DF1C5003BAAC3 /* GHNSArray+Utils.m */; };
		4C7FA4632294804D00A8FA1B /* GHNSBundle+Utils.m in Sources */ = {isa = PBXBuildFile; fileRef = 00D02285154DF1C5003BAAC3 /* GHNSBundle+Utils.m */; };
		4C7FA4642294804D00A8FA1B /* GHNSDate+Formatters.m in Sources */ = {isa = PBXBuildFile; fileRef = 00D02287154DF1C5003BAAC3 /* GHNSDate+Formatters.m */; };
		4C7FA4652294804D00A8FA1B /* GHNSDate+Utils.m in Sources */ = {isa = PBXBuildFile; fileRef = 00D02289154DF1C5003BAAC3 /* GHNSDate+Utils.m */; };
		4C7FA4662294804D00A8FA1B /* GHNSDictionary+NSNull.m in Sources */ = {isa = PBXBuildFile; fileRef = 00D0228B154DF1C5003BAAC3 /* GHNSDictionary+NSNull.m */; };
		4C7FA4672294804D00A8FA1B /* GHNSDictionary+Utils.m in Sources */ = {isa = PBXBuildFile; fileRef = 00D0228D154DF1C5003BAAC3 /* GHNSDictionary+Utils.m */; };
		4C7FA4682294804D00A8FA1B /* GHNSError+Utils.m in Sources */ = {isa = PBXBuildFile; fileRef = 00D0228F154DF1C5003BAAC3 /* GHNSError+Utils.m */; };
		4C7FA4692294804D00A8FA1B /* GHNSFileManager+Utils.m in Sources */ = {isa = PBXBuildFile; fileRef = 00D02291154DF1C5003BAAC3 /* GHNSFileManager+Utils.m */; };
		4C7FA46A2294804D00A8FA1B /* GHNSInvocation+Utils.m in Sources */ = {isa = PBXBuildFile; fileRef = 00D02293154DF1C5003BAAC3 /* GHNSInvocation+Utils.m */; };
		4C7FA46B2294804D00A8FA1B /* GHNSInvocationProxy.m in Sources */ = {isa = PBXBuildFile; fileRef = 00D02295154DF1C5003BAAC3 /* GHNSInvocationProxy.m */; };
		4C7FA46C2294804D00A8FA1B /* GHNSMutableArray+Utils.m in Sources */ = {isa = PBXBuildFile; fileRef = 00D02297154DF1C5003BAAC3 /* GHNSMutableArray+Utils.m */; };
		4C7FA46D2294804D00A8FA1B /* GHNSMutableDictionary+Utils.m in Sources */ = {isa = PBXBuildFile; fileRef = 00D02299154DF1C5003BAAC3 /* GHNSMutableDictionary+Utils.m */; };
		4C7FA46E2294804D00A8FA1B /* GHNSNotificationCenter+Utils.m in Sources */ = {isa = PBXBuildFile; fileRef = 00D0229B154DF1C5003BAAC3 /* GHNSNotificationCenter+Utils.m */; };
		4C7FA46F2294804D00A8FA1B /* GHNSNumber+Utils.m in Sources */ = {isa = PBXBuildFile; fileRef = 00D0229D154DF1C5003BAAC3 /* GHNSNumber+Utils.m */; };
		4C7FA4702294804D00A8FA1B /* GHNSObject+Invocation.m in Sources */ = {isa = PBXBuildFile; fileRef = 00D0229F154DF1C5003BAAC3 /* GHNSObject+Invocation.m */; };
		4C7FA4712294804D00A8FA1B /* GHNSObject+Utils.m in Sources */ = {isa = PBXBuildFile; fileRef = 00D022A1154DF1C5003BAAC3 /* GHNSObject+Utils.m */; };
		4C7FA4722294804D00A8FA1B /* GHNSString+HMAC.m in Sources */ = {isa = PBXBuildFile; fileRef = 00D022A5154DF1C5003BAAC3 /* GHNSString+HMAC.m */; };
		4C7FA4732294804D00A8FA1B /* GHNSString+TimeInterval.m in Sources */ = {isa = PBXBuildFile; fileRef = 00D022A7154DF1C5003BAAC3 /* GHNSString+TimeInterval.m */; };
		4C7FA4742294804D00A8FA1B /* GHNSString+Utils.m in Sources */ = {isa = PBXBuildFile; fileRef = 00D022AB154DF1C5003BAAC3 /* GHNSString+Utils.m */; };
		4C7FA4752294804D00A8FA1B /* GHNSString+XML.m in Sources */ = {isa = PBXBuildFile; fileRef = 00D022AD154DF1C5003BAAC3 /* GHNSString+XML.m */; };
		4C7FA4762294804D00A8FA1B /* GHNSStringEnumerator.m in Sources */ = {isa = PBXBuildFile; fileRef = 00D022AF154DF1C5003BAAC3 /* GHNSStringEnumerator.m */; };
		4C7FA4772294804D00A8FA1B /* GHNSURL+Utils.m in Sources */ = {isa = PBXBuildFile; fileRef = 00D022B1154DF1C5003BAAC3 /* GHNSURL+Utils.m */; };
		4C7FA4782294804D00A8FA1B /* GHNSUserDefaults+Utils.m in Sources */ = {isa = PBXBuildFile; fileRef = 00D022B3154DF1C5003BAAC3 /* GHNSUserDefaults+Utils.m */; };
		4C7FA4792294804D00A8FA1B /* GHReversableDictionary.m in Sources */ = {isa = PBXBuildFile; fileRef = 00D022B5154DF1C5003BAAC3 /* GHReversableDictionary.m */; };
		4C7FA47A2294804D00A8FA1B /* GHValidators.m in Sources */ = {isa = PBXBuildFile; fileRef = 00D022B7154DF1C5003BAAC3 /* GHValidators.m */; };
		4C7FA47B2294804D00A8FA1B /* hmac.c in Sources */ = {isa = PBXBuildFile; fileRef = 00D022B8154DF1C5003BAAC3 /* hmac.c */; };
		4C7FA47C2294804D00A8FA1B /* sha1.c in Sources */ = {isa = PBXBuildFile; fileRef = 00D022CA154DF1C5003BAAC3 /* sha1.c */; };
		4C7FA47D2294804D00A8FA1B /* GHNSObject+Swizzle.m in Sources */ = {isa = PBXBuildFile; fileRef = 00D022CE154DF1C5003BAAC3 /* GHNSObject+Swizzle.m */; };
		4C7FA488229480E600A8FA1B /* GHKit.framework in Frameworks */ = {isa = PBXBuildFile; fileRef = 4C7FA43822947F9E00A8FA1B /* GHKit.framework */; };
		4C7FA4902294813800A8FA1B /* NSArrayUtilsTest.m in Sources */ = {isa = PBXBuildFile; fileRef = 00D023B9154DF8A4003BAAC3 /* NSArrayUtilsTest.m */; };
		4C7FA4912294813800A8FA1B /* NSDateParsingTest.m in Sources */ = {isa = PBXBuildFile; fileRef = 00D023BA154DF8A4003BAAC3 /* NSDateParsingTest.m */; };
		4C7FA4922294813800A8FA1B /* NSDateUtilsTest.m in Sources */ = {isa = PBXBuildFile; fileRef = 00D023BB154DF8A4003BAAC3 /* NSDateUtilsTest.m */; };
		4C7FA4932294813800A8FA1B /* NSDictionaryNSNullTest.m in Sources */ = {isa = PBXBuildFile; fileRef = 00D023BC154DF8A4003BAAC3 /* NSDictionaryNSNullTest.m */; };
		4C7FA4942294813800A8FA1B /* NSDictionaryUtilsTest.m in Sources */ = {isa = PBXBuildFile; fileRef = 00D023BD154DF8A5003BAAC3 /* NSDictionaryUtilsTest.m */; };
		4C7FA4952294813800A8FA1B /* NSErrorUtilsTest.m in Sources */ = {isa = PBXBuildFile; fileRef = 00D023BE154DF8A5003BAAC3 /* NSErrorUtilsTest.m */; };
		4C7FA4962294813800A8FA1B /* NSFileManagerUtilsTest.m in Sources */ = {isa = PBXBuildFile; fileRef = 00D023BF154DF8A5003BAAC3 /* NSFileManagerUtilsTest.m */; };
		4C7FA4972294813800A8FA1B /* NSInvocationUtilsTest.m in Sources */ = {isa = PBXBuildFile; fileRef = 00D023C0154DF8A5003BAAC3 /* NSInvocationUtilsTest.m */; };
		4C7FA4982294813800A8FA1B /* NSMutableArrayUtilsTest.m in Sources */ = {isa = PBXBuildFile; fileRef = 00D023C1154DF8A5003BAAC3 /* NSMutableArrayUtilsTest.m */; };
		4C7FA4992294813800A8FA1B /* NSMutableDictionaryUtilsTest.m in Sources */ = {isa = PBXBuildFile; fileRef = 00D023C2154DF8A5003BAAC3 /* NSMutableDictionaryUtilsTest.m */; };
		4C7FA49A2294813800A8FA1B /* NSNumberUtilsTest.m in Sources */ = {isa = PBXBuildFile; fileRef = 00D023C3154DF8A5003BAAC3 /* NSNumberUtilsTest.m */; };
		4C7FA49B2294813800A8FA1B /* NSObjectUtilsTest.m in Sources */ = {isa = PBXBuildFile; fileRef = 00D023C4154DF8A5003BAAC3 /* NSObjectUtilsTest.m */; };
		4C7FA49C2294813800A8FA1B /* NSStringHMACTest.m in Sources */ = {isa = PBXBuildFile; fileRef = 00D023C6154DF8A5003BAAC3 /* NSStringHMACTest.m */; };
		4C7FA49D2294813800A8FA1B /* NSStringTimeIntervalTest.m in Sources */ = {isa = PBXBuildFile; fileRef = 00D023C7154DF8A5003BAAC3 /* NSStringTimeIntervalTest.m */; };
		4C7FA49E2294813800A8FA1B /* NSStringUtilsTest.m in Sources */ = {isa = PBXBuildFile; fileRef = 00D023C8154DF8A5003BAAC3 /* NSStringUtilsTest.m */; };
		4C7FA49F2294813800A8FA1B /* NSURLUtilsTest.m in Sources */ = {isa = PBXBuildFile; fileRef = 00D023C9154DF8A5003BAAC3 /* NSURLUtilsTest.m */; };
		4C7FA4A02294813800A8FA1B /* ReadonlyCopyTest.m in Sources */ = {isa = PBXBuildFile; fileRef = 00D023CA154DF8A5003BAAC3 /* ReadonlyCopyTest.m */; };
		4C7FA4A12294813800A8FA1B /* GHNSStringEnumeratorTest.m in Sources */ = {isa = PBXBuildFile; fileRef = 00D023AD154DF89A003BAAC3 /* GHNSStringEnumeratorTest.m */; };
		4C7FA4A22294813800A8FA1B /* GHNSStringXMLTest.m in Sources */ = {isa = PBXBuildFile; fileRef = 00D023AE154DF89A003BAAC3 /* GHNSStringXMLTest.m */; };
		4C7FA4A32294813800A8FA1B /* GHReversableDictionaryTest.m in Sources */ = {isa = PBXBuildFile; fileRef = 00D023AF154DF89A003BAAC3 /* GHReversableDictionaryTest.m */; };
		4C7FA4A42294813800A8FA1B /* GHValidatorsTest.m in Sources */ = {isa = PBXBuildFile; fileRef = 00D023B0154DF89A003BAAC3 /* GHValidatorsTest.m */; };
		4C7FA4A52294813800A8FA1B /* test.file in Resources */ = {isa = PBXBuildFile; fileRef = 00D0240F154DFABF003BAAC3 /* test.file */; };
/* End PBXBuildFile section */

/* Begin PBXContainerItemProxy section */
		4C7FA489229480E600A8FA1B /* PBXContainerItemProxy */ = {
			isa = PBXContainerItemProxy;
			containerPortal = 00D0226D154DF111003BAAC3 /* Project object */;
			proxyType = 1;
			remoteGlobalIDString = 4C7FA43722947F9E00A8FA1B;
			remoteInfo = GHKit;
		};
/* End PBXContainerItemProxy section */

/* Begin PBXFileReference section */
		006BD88315AE2FF500D493AE /* ydefines.h */ = {isa = PBXFileReference; fileEncoding = 4; lastKnownFileType = sourcecode.c.h; path = ydefines.h; sourceTree = "<group>"; };
		007DA669154E055C008574F9 /* GHKit-Prefix.pch */ = {isa = PBXFileReference; fileEncoding = 4; lastKnownFileType = sourcecode.c.h; path = "GHKit-Prefix.pch"; sourceTree = "<group>"; };
		00D0227B154DF1C5003BAAC3 /* GHCGUtils.h */ = {isa = PBXFileReference; lastKnownFileType = sourcecode.c.h; path = GHCGUtils.h; sourceTree = "<group>"; };
		00D0227C154DF1C5003BAAC3 /* GHCGUtils.m */ = {isa = PBXFileReference; lastKnownFileType = sourcecode.c.objc; path = GHCGUtils.m; sourceTree = "<group>"; };
		00D0227F154DF1C5003BAAC3 /* GHKit.h */ = {isa = PBXFileReference; lastKnownFileType = sourcecode.c.h; path = GHKit.h; sourceTree = "<group>"; };
		00D02280154DF1C5003BAAC3 /* GHKitDefines.h */ = {isa = PBXFileReference; lastKnownFileType = sourcecode.c.h; path = GHKitDefines.h; sourceTree = "<group>"; };
		00D02282154DF1C5003BAAC3 /* GHNSArray+Utils.h */ = {isa = PBXFileReference; lastKnownFileType = sourcecode.c.h; path = "GHNSArray+Utils.h"; sourceTree = "<group>"; };
		00D02283154DF1C5003BAAC3 /* GHNSArray+Utils.m */ = {isa = PBXFileReference; lastKnownFileType = sourcecode.c.objc; path = "GHNSArray+Utils.m"; sourceTree = "<group>"; };
		00D02284154DF1C5003BAAC3 /* GHNSBundle+Utils.h */ = {isa = PBXFileReference; lastKnownFileType = sourcecode.c.h; path = "GHNSBundle+Utils.h"; sourceTree = "<group>"; };
		00D02285154DF1C5003BAAC3 /* GHNSBundle+Utils.m */ = {isa = PBXFileReference; lastKnownFileType = sourcecode.c.objc; path = "GHNSBundle+Utils.m"; sourceTree = "<group>"; };
		00D02286154DF1C5003BAAC3 /* GHNSDate+Formatters.h */ = {isa = PBXFileReference; lastKnownFileType = sourcecode.c.h; path = "GHNSDate+Formatters.h"; sourceTree = "<group>"; };
		00D02287154DF1C5003BAAC3 /* GHNSDate+Formatters.m */ = {isa = PBXFileReference; lastKnownFileType = sourcecode.c.objc; path = "GHNSDate+Formatters.m"; sourceTree = "<group>"; };
		00D02288154DF1C5003BAAC3 /* GHNSDate+Utils.h */ = {isa = PBXFileReference; lastKnownFileType = sourcecode.c.h; path = "GHNSDate+Utils.h"; sourceTree = "<group>"; };
		00D02289154DF1C5003BAAC3 /* GHNSDate+Utils.m */ = {isa = PBXFileReference; lastKnownFileType = sourcecode.c.objc; path = "GHNSDate+Utils.m"; sourceTree = "<group>"; };
		00D0228A154DF1C5003BAAC3 /* GHNSDictionary+NSNull.h */ = {isa = PBXFileReference; lastKnownFileType = sourcecode.c.h; path = "GHNSDictionary+NSNull.h"; sourceTree = "<group>"; };
		00D0228B154DF1C5003BAAC3 /* GHNSDictionary+NSNull.m */ = {isa = PBXFileReference; lastKnownFileType = sourcecode.c.objc; path = "GHNSDictionary+NSNull.m"; sourceTree = "<group>"; };
		00D0228C154DF1C5003BAAC3 /* GHNSDictionary+Utils.h */ = {isa = PBXFileReference; lastKnownFileType = sourcecode.c.h; path = "GHNSDictionary+Utils.h"; sourceTree = "<group>"; };
		00D0228D154DF1C5003BAAC3 /* GHNSDictionary+Utils.m */ = {isa = PBXFileReference; lastKnownFileType = sourcecode.c.objc; path = "GHNSDictionary+Utils.m"; sourceTree = "<group>"; };
		00D0228E154DF1C5003BAAC3 /* GHNSError+Utils.h */ = {isa = PBXFileReference; lastKnownFileType = sourcecode.c.h; path = "GHNSError+Utils.h"; sourceTree = "<group>"; };
		00D0228F154DF1C5003BAAC3 /* GHNSError+Utils.m */ = {isa = PBXFileReference; lastKnownFileType = sourcecode.c.objc; path = "GHNSError+Utils.m"; sourceTree = "<group>"; };
		00D02290154DF1C5003BAAC3 /* GHNSFileManager+Utils.h */ = {isa = PBXFileReference; lastKnownFileType = sourcecode.c.h; path = "GHNSFileManager+Utils.h"; sourceTree = "<group>"; };
		00D02291154DF1C5003BAAC3 /* GHNSFileManager+Utils.m */ = {isa = PBXFileReference; lastKnownFileType = sourcecode.c.objc; path = "GHNSFileManager+Utils.m"; sourceTree = "<group>"; };
		00D02292154DF1C5003BAAC3 /* GHNSInvocation+Utils.h */ = {isa = PBXFileReference; lastKnownFileType = sourcecode.c.h; path = "GHNSInvocation+Utils.h"; sourceTree = "<group>"; };
		00D02293154DF1C5003BAAC3 /* GHNSInvocation+Utils.m */ = {isa = PBXFileReference; lastKnownFileType = sourcecode.c.objc; path = "GHNSInvocation+Utils.m"; sourceTree = "<group>"; };
		00D02294154DF1C5003BAAC3 /* GHNSInvocationProxy.h */ = {isa = PBXFileReference; lastKnownFileType = sourcecode.c.h; path = GHNSInvocationProxy.h; sourceTree = "<group>"; };
		00D02295154DF1C5003BAAC3 /* GHNSInvocationProxy.m */ = {isa = PBXFileReference; lastKnownFileType = sourcecode.c.objc; path = GHNSInvocationProxy.m; sourceTree = "<group>"; };
		00D02296154DF1C5003BAAC3 /* GHNSMutableArray+Utils.h */ = {isa = PBXFileReference; lastKnownFileType = sourcecode.c.h; path = "GHNSMutableArray+Utils.h"; sourceTree = "<group>"; };
		00D02297154DF1C5003BAAC3 /* GHNSMutableArray+Utils.m */ = {isa = PBXFileReference; lastKnownFileType = sourcecode.c.objc; path = "GHNSMutableArray+Utils.m"; sourceTree = "<group>"; };
		00D02298154DF1C5003BAAC3 /* GHNSMutableDictionary+Utils.h */ = {isa = PBXFileReference; lastKnownFileType = sourcecode.c.h; path = "GHNSMutableDictionary+Utils.h"; sourceTree = "<group>"; };
		00D02299154DF1C5003BAAC3 /* GHNSMutableDictionary+Utils.m */ = {isa = PBXFileReference; lastKnownFileType = sourcecode.c.objc; path = "GHNSMutableDictionary+Utils.m"; sourceTree = "<group>"; };
		00D0229A154DF1C5003BAAC3 /* GHNSNotificationCenter+Utils.h */ = {isa = PBXFileReference; lastKnownFileType = sourcecode.c.h; path = "GHNSNotificationCenter+Utils.h"; sourceTree = "<group>"; };
		00D0229B154DF1C5003BAAC3 /* GHNSNotificationCenter+Utils.m */ = {isa = PBXFileReference; lastKnownFileType = sourcecode.c.objc; path = "GHNSNotificationCenter+Utils.m"; sourceTree = "<group>"; };
		00D0229C154DF1C5003BAAC3 /* GHNSNumber+Utils.h */ = {isa = PBXFileReference; lastKnownFileType = sourcecode.c.h; path = "GHNSNumber+Utils.h"; sourceTree = "<group>"; };
		00D0229D154DF1C5003BAAC3 /* GHNSNumber+Utils.m */ = {isa = PBXFileReference; lastKnownFileType = sourcecode.c.objc; path = "GHNSNumber+Utils.m"; sourceTree = "<group>"; };
		00D0229E154DF1C5003BAAC3 /* GHNSObject+Invocation.h */ = {isa = PBXFileReference; lastKnownFileType = sourcecode.c.h; path = "GHNSObject+Invocation.h"; sourceTree = "<group>"; };
		00D0229F154DF1C5003BAAC3 /* GHNSObject+Invocation.m */ = {isa = PBXFileReference; lastKnownFileType = sourcecode.c.objc; path = "GHNSObject+Invocation.m"; sourceTree = "<group>"; };
		00D022A0154DF1C5003BAAC3 /* GHNSObject+Utils.h */ = {isa = PBXFileReference; lastKnownFileType = sourcecode.c.h; path = "GHNSObject+Utils.h"; sourceTree = "<group>"; };
		00D022A1154DF1C5003BAAC3 /* GHNSObject+Utils.m */ = {isa = PBXFileReference; lastKnownFileType = sourcecode.c.objc; path = "GHNSObject+Utils.m"; sourceTree = "<group>"; };
		00D022A4154DF1C5003BAAC3 /* GHNSString+HMAC.h */ = {isa = PBXFileReference; lastKnownFileType = sourcecode.c.h; path = "GHNSString+HMAC.h"; sourceTree = "<group>"; };
		00D022A5154DF1C5003BAAC3 /* GHNSString+HMAC.m */ = {isa = PBXFileReference; lastKnownFileType = sourcecode.c.objc; path = "GHNSString+HMAC.m"; sourceTree = "<group>"; };
		00D022A6154DF1C5003BAAC3 /* GHNSString+TimeInterval.h */ = {isa = PBXFileReference; lastKnownFileType = sourcecode.c.h; path = "GHNSString+TimeInterval.h"; sourceTree = "<group>"; };
		00D022A7154DF1C5003BAAC3 /* GHNSString+TimeInterval.m */ = {isa = PBXFileReference; lastKnownFileType = sourcecode.c.objc; path = "GHNSString+TimeInterval.m"; sourceTree = "<group>"; };
		00D022AA154DF1C5003BAAC3 /* GHNSString+Utils.h */ = {isa = PBXFileReference; lastKnownFileType = sourcecode.c.h; path = "GHNSString+Utils.h"; sourceTree = "<group>"; };
		00D022AB154DF1C5003BAAC3 /* GHNSString+Utils.m */ = {isa = PBXFileReference; lastKnownFileType = sourcecode.c.objc; path = "GHNSString+Utils.m"; sourceTree = "<group>"; };
		00D022AC154DF1C5003BAAC3 /* GHNSString+XML.h */ = {isa = PBXFileReference; lastKnownFileType = sourcecode.c.h; path = "GHNSString+XML.h"; sourceTree = "<group>"; };
		00D022AD154DF1C5003BAAC3 /* GHNSString+XML.m */ = {isa = PBXFileReference; lastKnownFileType = sourcecode.c.objc; path = "GHNSString+XML.m"; sourceTree = "<group>"; };
		00D022AE154DF1C5003BAAC3 /* GHNSStringEnumerator.h */ = {isa = PBXFileReference; lastKnownFileType = sourcecode.c.h; path = GHNSStringEnumerator.h; sourceTree = "<group>"; };
		00D022AF154DF1C5003BAAC3 /* GHNSStringEnumerator.m */ = {isa = PBXFileReference; lastKnownFileType = sourcecode.c.objc; path = GHNSStringEnumerator.m; sourceTree = "<group>"; };
		00D022B0154DF1C5003BAAC3 /* GHNSURL+Utils.h */ = {isa = PBXFileReference; lastKnownFileType = sourcecode.c.h; path = "GHNSURL+Utils.h"; sourceTree = "<group>"; };
		00D022B1154DF1C5003BAAC3 /* GHNSURL+Utils.m */ = {isa = PBXFileReference; lastKnownFileType = sourcecode.c.objc; path = "GHNSURL+Utils.m"; sourceTree = "<group>"; };
		00D022B2154DF1C5003BAAC3 /* GHNSUserDefaults+Utils.h */ = {isa = PBXFileReference; lastKnownFileType = sourcecode.c.h; path = "GHNSUserDefaults+Utils.h"; sourceTree = "<group>"; };
		00D022B3154DF1C5003BAAC3 /* GHNSUserDefaults+Utils.m */ = {isa = PBXFileReference; lastKnownFileType = sourcecode.c.objc; path = "GHNSUserDefaults+Utils.m"; sourceTree = "<group>"; };
		00D022B4154DF1C5003BAAC3 /* GHReversableDictionary.h */ = {isa = PBXFileReference; lastKnownFileType = sourcecode.c.h; path = GHReversableDictionary.h; sourceTree = "<group>"; };
		00D022B5154DF1C5003BAAC3 /* GHReversableDictionary.m */ = {isa = PBXFileReference; lastKnownFileType = sourcecode.c.objc; path = GHReversableDictionary.m; sourceTree = "<group>"; };
		00D022B6154DF1C5003BAAC3 /* GHValidators.h */ = {isa = PBXFileReference; lastKnownFileType = sourcecode.c.h; path = GHValidators.h; sourceTree = "<group>"; };
		00D022B7154DF1C5003BAAC3 /* GHValidators.m */ = {isa = PBXFileReference; lastKnownFileType = sourcecode.c.objc; path = GHValidators.m; sourceTree = "<group>"; };
		00D022B8154DF1C5003BAAC3 /* hmac.c */ = {isa = PBXFileReference; lastKnownFileType = sourcecode.c.c; path = hmac.c; sourceTree = "<group>"; };
		00D022B9154DF1C5003BAAC3 /* hmac.h */ = {isa = PBXFileReference; lastKnownFileType = sourcecode.c.h; path = hmac.h; sourceTree = "<group>"; };
		00D022CA154DF1C5003BAAC3 /* sha1.c */ = {isa = PBXFileReference; lastKnownFileType = sourcecode.c.c; path = sha1.c; sourceTree = "<group>"; };
		00D022CB154DF1C5003BAAC3 /* sha1.h */ = {isa = PBXFileReference; lastKnownFileType = sourcecode.c.h; path = sha1.h; sourceTree = "<group>"; };
		00D022CD154DF1C5003BAAC3 /* GHNSObject+Swizzle.h */ = {isa = PBXFileReference; lastKnownFileType = sourcecode.c.h; path = "GHNSObject+Swizzle.h"; sourceTree = "<group>"; };
		00D022CE154DF1C5003BAAC3 /* GHNSObject+Swizzle.m */ = {isa = PBXFileReference; lastKnownFileType = sourcecode.c.objc; path = "GHNSObject+Swizzle.m"; sourceTree = "<group>"; };
		00D022D7154DF1EB003BAAC3 /* Foundation.framework */ = {isa = PBXFileReference; lastKnownFileType = wrapper.framework; name = Foundation.framework; path = System/Library/Frameworks/Foundation.framework; sourceTree = SDKROOT; };
		00D022E9154DF226003BAAC3 /* Cocoa.framework */ = {isa = PBXFileReference; lastKnownFileType = wrapper.framework; name = Cocoa.framework; path = System/Library/Frameworks/Cocoa.framework; sourceTree = SDKROOT; };
		00D022EC154DF226003BAAC3 /* AppKit.framework */ = {isa = PBXFileReference; lastKnownFileType = wrapper.framework; name = AppKit.framework; path = System/Library/Frameworks/AppKit.framework; sourceTree = SDKROOT; };
		00D022ED154DF226003BAAC3 /* CoreData.framework */ = {isa = PBXFileReference; lastKnownFileType = wrapper.framework; name = CoreData.framework; path = System/Library/Frameworks/CoreData.framework; sourceTree = SDKROOT; };
		00D022EE154DF226003BAAC3 /* Foundation.framework */ = {isa = PBXFileReference; lastKnownFileType = wrapper.framework; name = Foundation.framework; path = System/Library/Frameworks/Foundation.framework; sourceTree = SDKROOT; };
		00D023A3154DF67E003BAAC3 /* Tests-Prefix.pch */ = {isa = PBXFileReference; lastKnownFileType = sourcecode.c.h; path = "Tests-Prefix.pch"; sourceTree = "<group>"; };
		00D023AD154DF89A003BAAC3 /* GHNSStringEnumeratorTest.m */ = {isa = PBXFileReference; fileEncoding = 4; lastKnownFileType = sourcecode.c.objc; path = GHNSStringEnumeratorTest.m; sourceTree = "<group>"; };
		00D023AE154DF89A003BAAC3 /* GHNSStringXMLTest.m */ = {isa = PBXFileReference; fileEncoding = 4; lastKnownFileType = sourcecode.c.objc; path = GHNSStringXMLTest.m; sourceTree = "<group>"; };
		00D023AF154DF89A003BAAC3 /* GHReversableDictionaryTest.m */ = {isa = PBXFileReference; fileEncoding = 4; lastKnownFileType = sourcecode.c.objc; path = GHReversableDictionaryTest.m; sourceTree = "<group>"; };
		00D023B0154DF89A003BAAC3 /* GHValidatorsTest.m */ = {isa = PBXFileReference; fileEncoding = 4; lastKnownFileType = sourcecode.c.objc; path = GHValidatorsTest.m; sourceTree = "<group>"; };
		00D023B9154DF8A4003BAAC3 /* NSArrayUtilsTest.m */ = {isa = PBXFileReference; fileEncoding = 4; lastKnownFileType = sourcecode.c.objc; path = NSArrayUtilsTest.m; sourceTree = "<group>"; };
		00D023BA154DF8A4003BAAC3 /* NSDateParsingTest.m */ = {isa = PBXFileReference; fileEncoding = 4; lastKnownFileType = sourcecode.c.objc; path = NSDateParsingTest.m; sourceTree = "<group>"; };
		00D023BB154DF8A4003BAAC3 /* NSDateUtilsTest.m */ = {isa = PBXFileReference; fileEncoding = 4; lastKnownFileType = sourcecode.c.objc; path = NSDateUtilsTest.m; sourceTree = "<group>"; };
		00D023BC154DF8A4003BAAC3 /* NSDictionaryNSNullTest.m */ = {isa = PBXFileReference; fileEncoding = 4; lastKnownFileType = sourcecode.c.objc; path = NSDictionaryNSNullTest.m; sourceTree = "<group>"; };
		00D023BD154DF8A5003BAAC3 /* NSDictionaryUtilsTest.m */ = {isa = PBXFileReference; fileEncoding = 4; lastKnownFileType = sourcecode.c.objc; path = NSDictionaryUtilsTest.m; sourceTree = "<group>"; };
		00D023BE154DF8A5003BAAC3 /* NSErrorUtilsTest.m */ = {isa = PBXFileReference; fileEncoding = 4; lastKnownFileType = sourcecode.c.objc; path = NSErrorUtilsTest.m; sourceTree = "<group>"; };
		00D023BF154DF8A5003BAAC3 /* NSFileManagerUtilsTest.m */ = {isa = PBXFileReference; fileEncoding = 4; lastKnownFileType = sourcecode.c.objc; path = NSFileManagerUtilsTest.m; sourceTree = "<group>"; };
		00D023C0154DF8A5003BAAC3 /* NSInvocationUtilsTest.m */ = {isa = PBXFileReference; fileEncoding = 4; lastKnownFileType = sourcecode.c.objc; path = NSInvocationUtilsTest.m; sourceTree = "<group>"; };
		00D023C1154DF8A5003BAAC3 /* NSMutableArrayUtilsTest.m */ = {isa = PBXFileReference; fileEncoding = 4; lastKnownFileType = sourcecode.c.objc; path = NSMutableArrayUtilsTest.m; sourceTree = "<group>"; };
		00D023C2154DF8A5003BAAC3 /* NSMutableDictionaryUtilsTest.m */ = {isa = PBXFileReference; fileEncoding = 4; lastKnownFileType = sourcecode.c.objc; path = NSMutableDictionaryUtilsTest.m; sourceTree = "<group>"; };
		00D023C3154DF8A5003BAAC3 /* NSNumberUtilsTest.m */ = {isa = PBXFileReference; fileEncoding = 4; lastKnownFileType = sourcecode.c.objc; path = NSNumberUtilsTest.m; sourceTree = "<group>"; };
		00D023C4154DF8A5003BAAC3 /* NSObjectUtilsTest.m */ = {isa = PBXFileReference; fileEncoding = 4; lastKnownFileType = sourcecode.c.objc; path = NSObjectUtilsTest.m; sourceTree = "<group>"; };
		00D023C6154DF8A5003BAAC3 /* NSStringHMACTest.m */ = {isa = PBXFileReference; fileEncoding = 4; lastKnownFileType = sourcecode.c.objc; path = NSStringHMACTest.m; sourceTree = "<group>"; };
		00D023C7154DF8A5003BAAC3 /* NSStringTimeIntervalTest.m */ = {isa = PBXFileReference; fileEncoding = 4; lastKnownFileType = sourcecode.c.objc; path = NSStringTimeIntervalTest.m; sourceTree = "<group>"; };
		00D023C8154DF8A5003BAAC3 /* NSStringUtilsTest.m */ = {isa = PBXFileReference; fileEncoding = 4; lastKnownFileType = sourcecode.c.objc; path = NSStringUtilsTest.m; sourceTree = "<group>"; };
		00D023C9154DF8A5003BAAC3 /* NSURLUtilsTest.m */ = {isa = PBXFileReference; fileEncoding = 4; lastKnownFileType = sourcecode.c.objc; path = NSURLUtilsTest.m; sourceTree = "<group>"; };
		00D023CA154DF8A5003BAAC3 /* ReadonlyCopyTest.m */ = {isa = PBXFileReference; fileEncoding = 4; lastKnownFileType = sourcecode.c.objc; path = ReadonlyCopyTest.m; sourceTree = "<group>"; };
		00D0240F154DFABF003BAAC3 /* test.file */ = {isa = PBXFileReference; fileEncoding = 4; lastKnownFileType = text; path = test.file; sourceTree = "<group>"; };
		00D0247A154DFE94003BAAC3 /* README.md */ = {isa = PBXFileReference; lastKnownFileType = text; path = README.md; sourceTree = "<group>"; };
		4C7FA43822947F9E00A8FA1B /* GHKit.framework */ = {isa = PBXFileReference; explicitFileType = wrapper.framework; includeInIndex = 0; path = GHKit.framework; sourceTree = BUILT_PRODUCTS_DIR; };
		4C7FA483229480E600A8FA1B /* GHKitTests.xctest */ = {isa = PBXFileReference; explicitFileType = wrapper.cfbundle; includeInIndex = 0; path = GHKitTests.xctest; sourceTree = BUILT_PRODUCTS_DIR; };
		4C7FA487229480E600A8FA1B /* Info.plist */ = {isa = PBXFileReference; lastKnownFileType = text.plist.xml; path = Info.plist; sourceTree = "<group>"; };
		745C267E1E9C206D00DB51FE /* XCTest.framework */ = {isa = PBXFileReference; lastKnownFileType = wrapper.framework; name = XCTest.framework; path = Platforms/iPhoneOS.platform/Developer/Library/Frameworks/XCTest.framework; sourceTree = DEVELOPER_DIR; };
/* End PBXFileReference section */

/* Begin PBXFrameworksBuildPhase section */
		4C7FA43522947F9E00A8FA1B /* Frameworks */ = {
			isa = PBXFrameworksBuildPhase;
			buildActionMask = 2147483647;
			files = (
			);
			runOnlyForDeploymentPostprocessing = 0;
		};
		4C7FA480229480E600A8FA1B /* Frameworks */ = {
			isa = PBXFrameworksBuildPhase;
			buildActionMask = 2147483647;
			files = (
				4C7FA488229480E600A8FA1B /* GHKit.framework in Frameworks */,
			);
			runOnlyForDeploymentPostprocessing = 0;
		};
/* End PBXFrameworksBuildPhase section */

/* Begin PBXGroup section */
		00D0226B154DF111003BAAC3 = {
			isa = PBXGroup;
			children = (
				00D0247A154DFE94003BAAC3 /* README.md */,
				00D0227A154DF1C5003BAAC3 /* Classes */,
				4C7FA484229480E600A8FA1B /* GHKitTests */,
				00D022D6154DF1EB003BAAC3 /* Frameworks */,
				00D022D5154DF1EB003BAAC3 /* Products */,
			);
			sourceTree = "<group>";
		};
		00D0227A154DF1C5003BAAC3 /* Classes */ = {
			isa = PBXGroup;
			children = (
				00D0227B154DF1C5003BAAC3 /* GHCGUtils.h */,
				00D0227C154DF1C5003BAAC3 /* GHCGUtils.m */,
				00D0227F154DF1C5003BAAC3 /* GHKit.h */,
				00D02280154DF1C5003BAAC3 /* GHKitDefines.h */,
				00D02282154DF1C5003BAAC3 /* GHNSArray+Utils.h */,
				00D02283154DF1C5003BAAC3 /* GHNSArray+Utils.m */,
				00D02284154DF1C5003BAAC3 /* GHNSBundle+Utils.h */,
				00D02285154DF1C5003BAAC3 /* GHNSBundle+Utils.m */,
				00D02286154DF1C5003BAAC3 /* GHNSDate+Formatters.h */,
				00D02287154DF1C5003BAAC3 /* GHNSDate+Formatters.m */,
				00D02288154DF1C5003BAAC3 /* GHNSDate+Utils.h */,
				00D02289154DF1C5003BAAC3 /* GHNSDate+Utils.m */,
				00D0228A154DF1C5003BAAC3 /* GHNSDictionary+NSNull.h */,
				00D0228B154DF1C5003BAAC3 /* GHNSDictionary+NSNull.m */,
				00D0228C154DF1C5003BAAC3 /* GHNSDictionary+Utils.h */,
				00D0228D154DF1C5003BAAC3 /* GHNSDictionary+Utils.m */,
				00D0228E154DF1C5003BAAC3 /* GHNSError+Utils.h */,
				00D0228F154DF1C5003BAAC3 /* GHNSError+Utils.m */,
				00D02290154DF1C5003BAAC3 /* GHNSFileManager+Utils.h */,
				00D02291154DF1C5003BAAC3 /* GHNSFileManager+Utils.m */,
				00D02292154DF1C5003BAAC3 /* GHNSInvocation+Utils.h */,
				00D02293154DF1C5003BAAC3 /* GHNSInvocation+Utils.m */,
				00D02294154DF1C5003BAAC3 /* GHNSInvocationProxy.h */,
				00D02295154DF1C5003BAAC3 /* GHNSInvocationProxy.m */,
				00D02296154DF1C5003BAAC3 /* GHNSMutableArray+Utils.h */,
				00D02297154DF1C5003BAAC3 /* GHNSMutableArray+Utils.m */,
				00D02298154DF1C5003BAAC3 /* GHNSMutableDictionary+Utils.h */,
				00D02299154DF1C5003BAAC3 /* GHNSMutableDictionary+Utils.m */,
				00D0229A154DF1C5003BAAC3 /* GHNSNotificationCenter+Utils.h */,
				00D0229B154DF1C5003BAAC3 /* GHNSNotificationCenter+Utils.m */,
				00D0229C154DF1C5003BAAC3 /* GHNSNumber+Utils.h */,
				00D0229D154DF1C5003BAAC3 /* GHNSNumber+Utils.m */,
				00D0229E154DF1C5003BAAC3 /* GHNSObject+Invocation.h */,
				00D0229F154DF1C5003BAAC3 /* GHNSObject+Invocation.m */,
				00D022A0154DF1C5003BAAC3 /* GHNSObject+Utils.h */,
				00D022A1154DF1C5003BAAC3 /* GHNSObject+Utils.m */,
				00D022A4154DF1C5003BAAC3 /* GHNSString+HMAC.h */,
				00D022A5154DF1C5003BAAC3 /* GHNSString+HMAC.m */,
				00D022A6154DF1C5003BAAC3 /* GHNSString+TimeInterval.h */,
				00D022A7154DF1C5003BAAC3 /* GHNSString+TimeInterval.m */,
				00D022AA154DF1C5003BAAC3 /* GHNSString+Utils.h */,
				00D022AB154DF1C5003BAAC3 /* GHNSString+Utils.m */,
				00D022AC154DF1C5003BAAC3 /* GHNSString+XML.h */,
				00D022AD154DF1C5003BAAC3 /* GHNSString+XML.m */,
				00D022AE154DF1C5003BAAC3 /* GHNSStringEnumerator.h */,
				00D022AF154DF1C5003BAAC3 /* GHNSStringEnumerator.m */,
				00D022B0154DF1C5003BAAC3 /* GHNSURL+Utils.h */,
				00D022B1154DF1C5003BAAC3 /* GHNSURL+Utils.m */,
				00D022B2154DF1C5003BAAC3 /* GHNSUserDefaults+Utils.h */,
				00D022B3154DF1C5003BAAC3 /* GHNSUserDefaults+Utils.m */,
				00D022B4154DF1C5003BAAC3 /* GHReversableDictionary.h */,
				00D022B5154DF1C5003BAAC3 /* GHReversableDictionary.m */,
				00D022B6154DF1C5003BAAC3 /* GHValidators.h */,
				00D022B7154DF1C5003BAAC3 /* GHValidators.m */,
				006BD88315AE2FF500D493AE /* ydefines.h */,
				00D022B8154DF1C5003BAAC3 /* hmac.c */,
				00D022B9154DF1C5003BAAC3 /* hmac.h */,
				00D022CA154DF1C5003BAAC3 /* sha1.c */,
				00D022CB154DF1C5003BAAC3 /* sha1.h */,
				00D022CC154DF1C5003BAAC3 /* Swizzle */,
				007DA669154E055C008574F9 /* GHKit-Prefix.pch */,
			);
			path = Classes;
			sourceTree = "<group>";
		};
		00D022CC154DF1C5003BAAC3 /* Swizzle */ = {
			isa = PBXGroup;
			children = (
				00D022CD154DF1C5003BAAC3 /* GHNSObject+Swizzle.h */,
				00D022CE154DF1C5003BAAC3 /* GHNSObject+Swizzle.m */,
			);
			path = Swizzle;
			sourceTree = "<group>";
		};
		00D022D5154DF1EB003BAAC3 /* Products */ = {
			isa = PBXGroup;
			children = (
				4C7FA43822947F9E00A8FA1B /* GHKit.framework */,
				4C7FA483229480E600A8FA1B /* GHKitTests.xctest */,
			);
			name = Products;
			sourceTree = "<group>";
		};
		00D022D6154DF1EB003BAAC3 /* Frameworks */ = {
			isa = PBXGroup;
			children = (
				745C267E1E9C206D00DB51FE /* XCTest.framework */,
				00D022D7154DF1EB003BAAC3 /* Foundation.framework */,
				00D022E9154DF226003BAAC3 /* Cocoa.framework */,
				00D022EB154DF226003BAAC3 /* Other Frameworks */,
			);
			name = Frameworks;
			sourceTree = "<group>";
		};
		00D022EB154DF226003BAAC3 /* Other Frameworks */ = {
			isa = PBXGroup;
			children = (
				00D022EC154DF226003BAAC3 /* AppKit.framework */,
				00D022ED154DF226003BAAC3 /* CoreData.framework */,
				00D022EE154DF226003BAAC3 /* Foundation.framework */,
			);
			name = "Other Frameworks";
			sourceTree = "<group>";
		};
		4C7FA484229480E600A8FA1B /* GHKitTests */ = {
			isa = PBXGroup;
			children = (
				00D023B9154DF8A4003BAAC3 /* NSArrayUtilsTest.m */,
				00D023BA154DF8A4003BAAC3 /* NSDateParsingTest.m */,
				00D023BB154DF8A4003BAAC3 /* NSDateUtilsTest.m */,
				00D023BC154DF8A4003BAAC3 /* NSDictionaryNSNullTest.m */,
				00D023BD154DF8A5003BAAC3 /* NSDictionaryUtilsTest.m */,
				00D023BE154DF8A5003BAAC3 /* NSErrorUtilsTest.m */,
				00D023BF154DF8A5003BAAC3 /* NSFileManagerUtilsTest.m */,
				00D023C0154DF8A5003BAAC3 /* NSInvocationUtilsTest.m */,
				00D023C1154DF8A5003BAAC3 /* NSMutableArrayUtilsTest.m */,
				00D023C2154DF8A5003BAAC3 /* NSMutableDictionaryUtilsTest.m */,
				00D023C3154DF8A5003BAAC3 /* NSNumberUtilsTest.m */,
				00D023C4154DF8A5003BAAC3 /* NSObjectUtilsTest.m */,
				00D023C6154DF8A5003BAAC3 /* NSStringHMACTest.m */,
				00D023C7154DF8A5003BAAC3 /* NSStringTimeIntervalTest.m */,
				00D023C8154DF8A5003BAAC3 /* NSStringUtilsTest.m */,
				00D023C9154DF8A5003BAAC3 /* NSURLUtilsTest.m */,
				00D023CA154DF8A5003BAAC3 /* ReadonlyCopyTest.m */,
				00D023AD154DF89A003BAAC3 /* GHNSStringEnumeratorTest.m */,
				00D023AE154DF89A003BAAC3 /* GHNSStringXMLTest.m */,
				00D023AF154DF89A003BAAC3 /* GHReversableDictionaryTest.m */,
				00D023B0154DF89A003BAAC3 /* GHValidatorsTest.m */,
				4C7FA48E229480FA00A8FA1B /* Support Files */,
			);
			path = GHKitTests;
			sourceTree = "<group>";
		};
		4C7FA48E229480FA00A8FA1B /* Support Files */ = {
			isa = PBXGroup;
			children = (
				00D0240F154DFABF003BAAC3 /* test.file */,
				00D023A3154DF67E003BAAC3 /* Tests-Prefix.pch */,
				4C7FA487229480E600A8FA1B /* Info.plist */,
			);
			path = "Support Files";
			sourceTree = "<group>";
		};
/* End PBXGroup section */

/* Begin PBXHeadersBuildPhase section */
		4C7FA43322947F9E00A8FA1B /* Headers */ = {
			isa = PBXHeadersBuildPhase;
			buildActionMask = 2147483647;
			files = (
				4C7FA4472294802600A8FA1B /* GHNSDate+Utils.h in Headers */,
				4C7FA4602294802D00A8FA1B /* sha1.h in Headers */,
				4C7FA4462294802600A8FA1B /* GHNSDate+Formatters.h in Headers */,
				4C7FA4452294802600A8FA1B /* GHNSBundle+Utils.h in Headers */,
				4C7FA4412294802600A8FA1B /* GHKit.h in Headers */,
				4C7FA44E2294802600A8FA1B /* GHNSMutableArray+Utils.h in Headers */,
				4C7FA4522294802600A8FA1B /* GHNSObject+Invocation.h in Headers */,
				4C7FA45A2294802600A8FA1B /* GHNSUserDefaults+Utils.h in Headers */,
				4C7FA4402294802600A8FA1B /* GHCGUtils.h in Headers */,
				4C7FA4552294802600A8FA1B /* GHNSString+TimeInterval.h in Headers */,
				4C7FA4542294802600A8FA1B /* GHNSString+HMAC.h in Headers */,
				4C7FA45B2294802600A8FA1B /* GHReversableDictionary.h in Headers */,
				4C7FA4562294802600A8FA1B /* GHNSString+Utils.h in Headers */,
				4C7FA45D2294802600A8FA1B /* GHNSObject+Swizzle.h in Headers */,
				4C7FA45E2294802D00A8FA1B /* ydefines.h in Headers */,
				4C7FA4492294802600A8FA1B /* GHNSDictionary+Utils.h in Headers */,
				4C7FA4422294802600A8FA1B /* GHKitDefines.h in Headers */,
				4C7FA4512294802600A8FA1B /* GHNSNumber+Utils.h in Headers */,
				4C7FA4532294802600A8FA1B /* GHNSObject+Utils.h in Headers */,
				4C7FA44B2294802600A8FA1B /* GHNSFileManager+Utils.h in Headers */,
				4C7FA44A2294802600A8FA1B /* GHNSError+Utils.h in Headers */,
				4C7FA45F2294802D00A8FA1B /* hmac.h in Headers */,
				4C7FA4572294802600A8FA1B /* GHNSString+XML.h in Headers */,
				4C7FA44C2294802600A8FA1B /* GHNSInvocation+Utils.h in Headers */,
				4C7FA4582294802600A8FA1B /* GHNSStringEnumerator.h in Headers */,
				4C7FA44D2294802600A8FA1B /* GHNSInvocationProxy.h in Headers */,
				4C7FA4482294802600A8FA1B /* GHNSDictionary+NSNull.h in Headers */,
				4C7FA4442294802600A8FA1B /* GHNSArray+Utils.h in Headers */,
				4C7FA4502294802600A8FA1B /* GHNSNotificationCenter+Utils.h in Headers */,
				4C7FA4592294802600A8FA1B /* GHNSURL+Utils.h in Headers */,
				4C7FA44F2294802600A8FA1B /* GHNSMutableDictionary+Utils.h in Headers */,
				4C7FA45C2294802600A8FA1B /* GHValidators.h in Headers */,
			);
			runOnlyForDeploymentPostprocessing = 0;
		};
/* End PBXHeadersBuildPhase section */

/* Begin PBXNativeTarget section */
		4C7FA43722947F9E00A8FA1B /* GHKit */ = {
			isa = PBXNativeTarget;
			buildConfigurationList = 4C7FA43D22947F9E00A8FA1B /* Build configuration list for PBXNativeTarget "GHKit" */;
			buildPhases = (
				4C7FA43322947F9E00A8FA1B /* Headers */,
				4C7FA43422947F9E00A8FA1B /* Sources */,
				4C7FA43522947F9E00A8FA1B /* Frameworks */,
				4C7FA43622947F9E00A8FA1B /* Resources */,
			);
			buildRules = (
			);
			dependencies = (
			);
			name = GHKit;
			productName = GHKit;
			productReference = 4C7FA43822947F9E00A8FA1B /* GHKit.framework */;
			productType = "com.apple.product-type.framework";
		};
		4C7FA482229480E600A8FA1B /* GHKitTests */ = {
			isa = PBXNativeTarget;
			buildConfigurationList = 4C7FA48B229480E600A8FA1B /* Build configuration list for PBXNativeTarget "GHKitTests" */;
			buildPhases = (
				4C7FA47F229480E600A8FA1B /* Sources */,
				4C7FA480229480E600A8FA1B /* Frameworks */,
				4C7FA481229480E600A8FA1B /* Resources */,
			);
			buildRules = (
			);
			dependencies = (
				4C7FA48A229480E600A8FA1B /* PBXTargetDependency */,
			);
			name = GHKitTests;
			productName = GHKitTests;
			productReference = 4C7FA483229480E600A8FA1B /* GHKitTests.xctest */;
			productType = "com.apple.product-type.bundle.unit-test";
		};
/* End PBXNativeTarget section */

/* Begin PBXProject section */
		00D0226D154DF111003BAAC3 /* Project object */ = {
			isa = PBXProject;
			attributes = {
				CLASSPREFIX = GH;
				LastUpgradeCheck = 0830;
				ORGANIZATIONNAME = rel.me;
				TargetAttributes = {
					4C7FA43722947F9E00A8FA1B = {
						CreatedOnToolsVersion = 10.1;
						ProvisioningStyle = Automatic;
					};
					4C7FA482229480E600A8FA1B = {
						CreatedOnToolsVersion = 10.1;
						ProvisioningStyle = Automatic;
					};
				};
			};
			buildConfigurationList = 00D02270154DF111003BAAC3 /* Build configuration list for PBXProject "GHKit" */;
			compatibilityVersion = "Xcode 3.2";
			developmentRegion = English;
			hasScannedForEncodings = 0;
			knownRegions = (
				en,
			);
			mainGroup = 00D0226B154DF111003BAAC3;
			productRefGroup = 00D022D5154DF1EB003BAAC3 /* Products */;
			projectDirPath = "";
			projectRoot = "";
			targets = (
				4C7FA43722947F9E00A8FA1B /* GHKit */,
				4C7FA482229480E600A8FA1B /* GHKitTests */,
			);
		};
/* End PBXProject section */

/* Begin PBXResourcesBuildPhase section */
		4C7FA43622947F9E00A8FA1B /* Resources */ = {
			isa = PBXResourcesBuildPhase;
			buildActionMask = 2147483647;
			files = (
			);
			runOnlyForDeploymentPostprocessing = 0;
		};
		4C7FA481229480E600A8FA1B /* Resources */ = {
			isa = PBXResourcesBuildPhase;
			buildActionMask = 2147483647;
			files = (
				4C7FA4A52294813800A8FA1B /* test.file in Resources */,
			);
			runOnlyForDeploymentPostprocessing = 0;
		};
/* End PBXResourcesBuildPhase section */

/* Begin PBXSourcesBuildPhase section */
		4C7FA43422947F9E00A8FA1B /* Sources */ = {
			isa = PBXSourcesBuildPhase;
			buildActionMask = 2147483647;
			files = (
				4C7FA4642294804D00A8FA1B /* GHNSDate+Formatters.m in Sources */,
				4C7FA4722294804D00A8FA1B /* GHNSString+HMAC.m in Sources */,
				4C7FA46D2294804D00A8FA1B /* GHNSMutableDictionary+Utils.m in Sources */,
				4C7FA46B2294804D00A8FA1B /* GHNSInvocationProxy.m in Sources */,
				4C7FA47C2294804D00A8FA1B /* sha1.c in Sources */,
				4C7FA4662294804D00A8FA1B /* GHNSDictionary+NSNull.m in Sources */,
				4C7FA46F2294804D00A8FA1B /* GHNSNumber+Utils.m in Sources */,
				4C7FA4772294804D00A8FA1B /* GHNSURL+Utils.m in Sources */,
				4C7FA4762294804D00A8FA1B /* GHNSStringEnumerator.m in Sources */,
				4C7FA4752294804D00A8FA1B /* GHNSString+XML.m in Sources */,
				4C7FA4682294804D00A8FA1B /* GHNSError+Utils.m in Sources */,
				4C7FA4652294804D00A8FA1B /* GHNSDate+Utils.m in Sources */,
				4C7FA4742294804D00A8FA1B /* GHNSString+Utils.m in Sources */,
				4C7FA4612294804D00A8FA1B /* GHCGUtils.m in Sources */,
				4C7FA46A2294804D00A8FA1B /* GHNSInvocation+Utils.m in Sources */,
				4C7FA4732294804D00A8FA1B /* GHNSString+TimeInterval.m in Sources */,
				4C7FA4632294804D00A8FA1B /* GHNSBundle+Utils.m in Sources */,
				4C7FA4792294804D00A8FA1B /* GHReversableDictionary.m in Sources */,
				4C7FA47D2294804D00A8FA1B /* GHNSObject+Swizzle.m in Sources */,
				4C7FA4712294804D00A8FA1B /* GHNSObject+Utils.m in Sources */,
				4C7FA46C2294804D00A8FA1B /* GHNSMutableArray+Utils.m in Sources */,
				4C7FA4622294804D00A8FA1B /* GHNSArray+Utils.m in Sources */,
				4C7FA46E2294804D00A8FA1B /* GHNSNotificationCenter+Utils.m in Sources */,
				4C7FA4672294804D00A8FA1B /* GHNSDictionary+Utils.m in Sources */,
				4C7FA4702294804D00A8FA1B /* GHNSObject+Invocation.m in Sources */,
				4C7FA4782294804D00A8FA1B /* GHNSUserDefaults+Utils.m in Sources */,
				4C7FA47B2294804D00A8FA1B /* hmac.c in Sources */,
				4C7FA4692294804D00A8FA1B /* GHNSFileManager+Utils.m in Sources */,
				4C7FA47A2294804D00A8FA1B /* GHValidators.m in Sources */,
			);
			runOnlyForDeploymentPostprocessing = 0;
		};
		4C7FA47F229480E600A8FA1B /* Sources */ = {
			isa = PBXSourcesBuildPhase;
			buildActionMask = 2147483647;
			files = (
				4C7FA4A12294813800A8FA1B /* GHNSStringEnumeratorTest.m in Sources */,
				4C7FA49F2294813800A8FA1B /* NSURLUtilsTest.m in Sources */,
				4C7FA4A42294813800A8FA1B /* GHValidatorsTest.m in Sources */,
				4C7FA4982294813800A8FA1B /* NSMutableArrayUtilsTest.m in Sources */,
				4C7FA4962294813800A8FA1B /* NSFileManagerUtilsTest.m in Sources */,
				4C7FA4902294813800A8FA1B /* NSArrayUtilsTest.m in Sources */,
				4C7FA4952294813800A8FA1B /* NSErrorUtilsTest.m in Sources */,
				4C7FA49E2294813800A8FA1B /* NSStringUtilsTest.m in Sources */,
				4C7FA4A32294813800A8FA1B /* GHReversableDictionaryTest.m in Sources */,
				4C7FA4922294813800A8FA1B /* NSDateUtilsTest.m in Sources */,
				4C7FA49C2294813800A8FA1B /* NSStringHMACTest.m in Sources */,
				4C7FA4A02294813800A8FA1B /* ReadonlyCopyTest.m in Sources */,
				4C7FA4942294813800A8FA1B /* NSDictionaryUtilsTest.m in Sources */,
				4C7FA49D2294813800A8FA1B /* NSStringTimeIntervalTest.m in Sources */,
				4C7FA49A2294813800A8FA1B /* NSNumberUtilsTest.m in Sources */,
				4C7FA4A22294813800A8FA1B /* GHNSStringXMLTest.m in Sources */,
				4C7FA49B2294813800A8FA1B /* NSObjectUtilsTest.m in Sources */,
				4C7FA4932294813800A8FA1B /* NSDictionaryNSNullTest.m in Sources */,
				4C7FA4992294813800A8FA1B /* NSMutableDictionaryUtilsTest.m in Sources */,
				4C7FA4972294813800A8FA1B /* NSInvocationUtilsTest.m in Sources */,
				4C7FA4912294813800A8FA1B /* NSDateParsingTest.m in Sources */,
			);
			runOnlyForDeploymentPostprocessing = 0;
		};
/* End PBXSourcesBuildPhase section */

/* Begin PBXTargetDependency section */
		4C7FA48A229480E600A8FA1B /* PBXTargetDependency */ = {
			isa = PBXTargetDependency;
			target = 4C7FA43722947F9E00A8FA1B /* GHKit */;
			targetProxy = 4C7FA489229480E600A8FA1B /* PBXContainerItemProxy */;
		};
/* End PBXTargetDependency section */

/* Begin XCBuildConfiguration section */
		00D02272154DF111003BAAC3 /* Debug */ = {
			isa = XCBuildConfiguration;
			buildSettings = {
				CLANG_CXX_LANGUAGE_STANDARD = "gnu++14";
				CLANG_CXX_LIBRARY = "libc++";
				CLANG_ENABLE_MODULES = YES;
				CLANG_WARN_BOOL_CONVERSION = YES;
				CLANG_WARN_CONSTANT_CONVERSION = YES;
				CLANG_WARN_EMPTY_BODY = YES;
				CLANG_WARN_ENUM_CONVERSION = YES;
				CLANG_WARN_INFINITE_RECURSION = YES;
				CLANG_WARN_INT_CONVERSION = YES;
				CLANG_WARN_SUSPICIOUS_MOVE = YES;
				CLANG_WARN_UNREACHABLE_CODE = YES;
				CLANG_WARN__DUPLICATE_METHOD_MATCH = YES;
				DEBUG_INFORMATION_FORMAT = dwarf;
				ENABLE_NS_ASSERTIONS = NO;
				ENABLE_STRICT_OBJC_MSGSEND = YES;
				ENABLE_TESTABILITY = YES;
				GCC_C_LANGUAGE_STANDARD = gnu11;
				GCC_NO_COMMON_BLOCKS = YES;
				GCC_OPTIMIZATION_LEVEL = 0;
				GCC_PREPROCESSOR_DEFINITIONS = "DEBUG=1";
				GCC_WARN_64_TO_32_BIT_CONVERSION = YES;
				GCC_WARN_ABOUT_RETURN_TYPE = YES;
				GCC_WARN_UNDECLARED_SELECTOR = YES;
				GCC_WARN_UNINITIALIZED_AUTOS = YES;
				GCC_WARN_UNUSED_FUNCTION = YES;
				GCC_WARN_UNUSED_VARIABLE = YES;
				IPHONEOS_DEPLOYMENT_TARGET = 9.0;
				ONLY_ACTIVE_ARCH = YES;
				SDKROOT = iphoneos;
			};
			name = Debug;
		};
		00D02273154DF111003BAAC3 /* Release */ = {
			isa = XCBuildConfiguration;
			buildSettings = {
				CLANG_CXX_LANGUAGE_STANDARD = "gnu++14";
				CLANG_CXX_LIBRARY = "libc++";
				CLANG_ENABLE_MODULES = YES;
				CLANG_WARN_BOOL_CONVERSION = YES;
				CLANG_WARN_CONSTANT_CONVERSION = YES;
				CLANG_WARN_EMPTY_BODY = YES;
				CLANG_WARN_ENUM_CONVERSION = YES;
				CLANG_WARN_INFINITE_RECURSION = YES;
				CLANG_WARN_INT_CONVERSION = YES;
				CLANG_WARN_SUSPICIOUS_MOVE = YES;
				CLANG_WARN_UNREACHABLE_CODE = YES;
				CLANG_WARN__DUPLICATE_METHOD_MATCH = YES;
				DEBUG_INFORMATION_FORMAT = "dwarf-with-dsym";
				ENABLE_STRICT_OBJC_MSGSEND = YES;
				GCC_C_LANGUAGE_STANDARD = gnu11;
				GCC_NO_COMMON_BLOCKS = YES;
				GCC_WARN_64_TO_32_BIT_CONVERSION = YES;
				GCC_WARN_ABOUT_RETURN_TYPE = YES;
				GCC_WARN_UNDECLARED_SELECTOR = YES;
				GCC_WARN_UNINITIALIZED_AUTOS = YES;
				GCC_WARN_UNUSED_FUNCTION = YES;
				GCC_WARN_UNUSED_VARIABLE = YES;
				IPHONEOS_DEPLOYMENT_TARGET = 9.0;
				SDKROOT = iphoneos;
				VALIDATE_PRODUCT = YES;
			};
			name = Release;
		};
		4C7FA43E22947F9E00A8FA1B /* Debug */ = {
			isa = XCBuildConfiguration;
			buildSettings = {
				ALWAYS_SEARCH_USER_PATHS = NO;
				CLANG_ANALYZER_NONNULL = YES;
				CLANG_ANALYZER_NUMBER_OBJECT_CONVERSION = YES_AGGRESSIVE;
				CLANG_CXX_LANGUAGE_STANDARD = "gnu++14";
				CLANG_CXX_LIBRARY = "libc++";
				CLANG_ENABLE_MODULES = YES;
				CLANG_ENABLE_OBJC_WEAK = YES;
				CLANG_WARN_BLOCK_CAPTURE_AUTORELEASING = YES;
				CLANG_WARN_COMMA = YES;
				CLANG_WARN_DEPRECATED_OBJC_IMPLEMENTATIONS = YES;
				CLANG_WARN_DIRECT_OBJC_ISA_USAGE = YES_ERROR;
				CLANG_WARN_DOCUMENTATION_COMMENTS = YES;
				CLANG_WARN_NON_LITERAL_NULL_CONVERSION = YES;
				CLANG_WARN_OBJC_IMPLICIT_RETAIN_SELF = YES;
				CLANG_WARN_OBJC_LITERAL_CONVERSION = YES;
				CLANG_WARN_OBJC_ROOT_CLASS = YES_ERROR;
				CLANG_WARN_RANGE_LOOP_ANALYSIS = YES;
				CLANG_WARN_STRICT_PROTOTYPES = YES;
				CLANG_WARN_UNGUARDED_AVAILABILITY = YES_AGGRESSIVE;
				CODE_SIGN_IDENTITY = "iPhone Developer";
				CODE_SIGN_STYLE = Automatic;
				COPY_PHASE_STRIP = NO;
				CURRENT_PROJECT_VERSION = 1;
				DEBUG_INFORMATION_FORMAT = dwarf;
				DEFINES_MODULE = YES;
				DYLIB_COMPATIBILITY_VERSION = 1;
				DYLIB_CURRENT_VERSION = 1;
				DYLIB_INSTALL_NAME_BASE = "@rpath";
				GCC_C_LANGUAGE_STANDARD = gnu11;
				GCC_DYNAMIC_NO_PIC = NO;
				GCC_OPTIMIZATION_LEVEL = 0;
				GCC_PRECOMPILE_PREFIX_HEADER = YES;
				GCC_PREFIX_HEADER = "Classes/GHKit-Prefix.pch";
				GCC_PREPROCESSOR_DEFINITIONS = (
					"DEBUG=1",
					"$(inherited)",
				);
				GCC_WARN_ABOUT_RETURN_TYPE = YES_ERROR;
				GCC_WARN_UNINITIALIZED_AUTOS = YES_AGGRESSIVE;
				INFOPLIST_FILE = "GHKitFramework-Info.plist";
				INSTALL_PATH = "$(LOCAL_LIBRARY_DIR)/Frameworks";
				LD_RUNPATH_SEARCH_PATHS = "$(inherited) @executable_path/Frameworks @loader_path/Frameworks";
				MTL_ENABLE_DEBUG_INFO = INCLUDE_SOURCE;
				MTL_FAST_MATH = YES;
				PRODUCT_BUNDLE_IDENTIFIER = me.rel.GHKit;
				PRODUCT_NAME = "$(TARGET_NAME:c99extidentifier)";
				SKIP_INSTALL = YES;
				TARGETED_DEVICE_FAMILY = "1,2";
				VERSIONING_SYSTEM = "apple-generic";
			};
			name = Debug;
		};
		4C7FA43F22947F9E00A8FA1B /* Release */ = {
			isa = XCBuildConfiguration;
			buildSettings = {
				ALWAYS_SEARCH_USER_PATHS = NO;
				CLANG_ANALYZER_NONNULL = YES;
				CLANG_ANALYZER_NUMBER_OBJECT_CONVERSION = YES_AGGRESSIVE;
				CLANG_CXX_LANGUAGE_STANDARD = "gnu++14";
				CLANG_CXX_LIBRARY = "libc++";
				CLANG_ENABLE_MODULES = YES;
				CLANG_ENABLE_OBJC_WEAK = YES;
				CLANG_WARN_BLOCK_CAPTURE_AUTORELEASING = YES;
				CLANG_WARN_COMMA = YES;
				CLANG_WARN_DEPRECATED_OBJC_IMPLEMENTATIONS = YES;
				CLANG_WARN_DIRECT_OBJC_ISA_USAGE = YES_ERROR;
				CLANG_WARN_DOCUMENTATION_COMMENTS = YES;
				CLANG_WARN_NON_LITERAL_NULL_CONVERSION = YES;
				CLANG_WARN_OBJC_IMPLICIT_RETAIN_SELF = YES;
				CLANG_WARN_OBJC_LITERAL_CONVERSION = YES;
				CLANG_WARN_OBJC_ROOT_CLASS = YES_ERROR;
				CLANG_WARN_RANGE_LOOP_ANALYSIS = YES;
				CLANG_WARN_STRICT_PROTOTYPES = YES;
				CLANG_WARN_UNGUARDED_AVAILABILITY = YES_AGGRESSIVE;
				CODE_SIGN_IDENTITY = "iPhone Developer";
				CODE_SIGN_STYLE = Automatic;
				COPY_PHASE_STRIP = NO;
				CURRENT_PROJECT_VERSION = 1;
				DEBUG_INFORMATION_FORMAT = "dwarf-with-dsym";
				DEFINES_MODULE = YES;
				DYLIB_COMPATIBILITY_VERSION = 1;
				DYLIB_CURRENT_VERSION = 1;
				DYLIB_INSTALL_NAME_BASE = "@rpath";
				ENABLE_NS_ASSERTIONS = NO;
				GCC_C_LANGUAGE_STANDARD = gnu11;
				GCC_PRECOMPILE_PREFIX_HEADER = YES;
				GCC_PREFIX_HEADER = "Classes/GHKit-Prefix.pch";
				GCC_WARN_ABOUT_RETURN_TYPE = YES_ERROR;
				GCC_WARN_UNINITIALIZED_AUTOS = YES_AGGRESSIVE;
				INFOPLIST_FILE = "GHKitFramework-Info.plist";
				INSTALL_PATH = "$(LOCAL_LIBRARY_DIR)/Frameworks";
				LD_RUNPATH_SEARCH_PATHS = "$(inherited) @executable_path/Frameworks @loader_path/Frameworks";
				MTL_ENABLE_DEBUG_INFO = NO;
				MTL_FAST_MATH = YES;
				PRODUCT_BUNDLE_IDENTIFIER = me.rel.GHKit;
				PRODUCT_NAME = "$(TARGET_NAME:c99extidentifier)";
				SKIP_INSTALL = YES;
				TARGETED_DEVICE_FAMILY = "1,2";
				VALIDATE_PRODUCT = YES;
				VERSIONING_SYSTEM = "apple-generic";
			};
			name = Release;
		};
		4C7FA48C229480E600A8FA1B /* Debug */ = {
			isa = XCBuildConfiguration;
			buildSettings = {
				ALWAYS_SEARCH_USER_PATHS = NO;
				CLANG_ANALYZER_NONNULL = YES;
				CLANG_ANALYZER_NUMBER_OBJECT_CONVERSION = YES_AGGRESSIVE;
				CLANG_CXX_LANGUAGE_STANDARD = "gnu++14";
				CLANG_CXX_LIBRARY = "libc++";
				CLANG_ENABLE_MODULES = YES;
				CLANG_ENABLE_OBJC_WEAK = YES;
				CLANG_WARN_BLOCK_CAPTURE_AUTORELEASING = YES;
				CLANG_WARN_COMMA = YES;
				CLANG_WARN_DEPRECATED_OBJC_IMPLEMENTATIONS = YES;
				CLANG_WARN_DIRECT_OBJC_ISA_USAGE = YES_ERROR;
				CLANG_WARN_DOCUMENTATION_COMMENTS = YES;
				CLANG_WARN_NON_LITERAL_NULL_CONVERSION = YES;
				CLANG_WARN_OBJC_IMPLICIT_RETAIN_SELF = YES;
				CLANG_WARN_OBJC_LITERAL_CONVERSION = YES;
				CLANG_WARN_OBJC_ROOT_CLASS = YES_ERROR;
				CLANG_WARN_RANGE_LOOP_ANALYSIS = YES;
				CLANG_WARN_STRICT_PROTOTYPES = YES;
				CLANG_WARN_UNGUARDED_AVAILABILITY = YES_AGGRESSIVE;
				CODE_SIGN_IDENTITY = "iPhone Developer";
				CODE_SIGN_STYLE = Automatic;
				COPY_PHASE_STRIP = NO;
				DEBUG_INFORMATION_FORMAT = dwarf;
				GCC_C_LANGUAGE_STANDARD = gnu11;
				GCC_DYNAMIC_NO_PIC = NO;
				GCC_OPTIMIZATION_LEVEL = 0;
				GCC_PRECOMPILE_PREFIX_HEADER = YES;
				GCC_PREFIX_HEADER = "GHKitTests/Support Files/Tests-Prefix.pch";
				GCC_PREPROCESSOR_DEFINITIONS = (
					"DEBUG=1",
					"$(inherited)",
				);
				GCC_WARN_ABOUT_RETURN_TYPE = YES_ERROR;
				GCC_WARN_UNINITIALIZED_AUTOS = YES_AGGRESSIVE;
				INFOPLIST_FILE = "GHKitTests/Support Files/Info.plist";
				LD_RUNPATH_SEARCH_PATHS = "$(inherited) @executable_path/Frameworks @loader_path/Frameworks";
				MTL_ENABLE_DEBUG_INFO = INCLUDE_SOURCE;
				MTL_FAST_MATH = YES;
				PRODUCT_BUNDLE_IDENTIFIER = me.rel.GHKitTests;
				PRODUCT_NAME = "$(TARGET_NAME)";
				TARGETED_DEVICE_FAMILY = "1,2";
			};
			name = Debug;
		};
		4C7FA48D229480E600A8FA1B /* Release */ = {
			isa = XCBuildConfiguration;
			buildSettings = {
				ALWAYS_SEARCH_USER_PATHS = NO;
				CLANG_ANALYZER_NONNULL = YES;
				CLANG_ANALYZER_NUMBER_OBJECT_CONVERSION = YES_AGGRESSIVE;
				CLANG_CXX_LANGUAGE_STANDARD = "gnu++14";
				CLANG_CXX_LIBRARY = "libc++";
				CLANG_ENABLE_MODULES = YES;
				CLANG_ENABLE_OBJC_WEAK = YES;
				CLANG_WARN_BLOCK_CAPTURE_AUTORELEASING = YES;
				CLANG_WARN_COMMA = YES;
				CLANG_WARN_DEPRECATED_OBJC_IMPLEMENTATIONS = YES;
				CLANG_WARN_DIRECT_OBJC_ISA_USAGE = YES_ERROR;
				CLANG_WARN_DOCUMENTATION_COMMENTS = YES;
				CLANG_WARN_NON_LITERAL_NULL_CONVERSION = YES;
				CLANG_WARN_OBJC_IMPLICIT_RETAIN_SELF = YES;
				CLANG_WARN_OBJC_LITERAL_CONVERSION = YES;
				CLANG_WARN_OBJC_ROOT_CLASS = YES_ERROR;
				CLANG_WARN_RANGE_LOOP_ANALYSIS = YES;
				CLANG_WARN_STRICT_PROTOTYPES = YES;
				CLANG_WARN_UNGUARDED_AVAILABILITY = YES_AGGRESSIVE;
				CODE_SIGN_IDENTITY = "iPhone Developer";
				CODE_SIGN_STYLE = Automatic;
				COPY_PHASE_STRIP = NO;
				DEBUG_INFORMATION_FORMAT = "dwarf-with-dsym";
				ENABLE_NS_ASSERTIONS = NO;
				GCC_C_LANGUAGE_STANDARD = gnu11;
				GCC_PRECOMPILE_PREFIX_HEADER = YES;
				GCC_PREFIX_HEADER = "GHKitTests/Support Files/Tests-Prefix.pch";
				GCC_WARN_ABOUT_RETURN_TYPE = YES_ERROR;
				GCC_WARN_UNINITIALIZED_AUTOS = YES_AGGRESSIVE;
				INFOPLIST_FILE = "GHKitTests/Support Files/Info.plist";
				LD_RUNPATH_SEARCH_PATHS = "$(inherited) @executable_path/Frameworks @loader_path/Frameworks";
				MTL_ENABLE_DEBUG_INFO = NO;
				MTL_FAST_MATH = YES;
				PRODUCT_BUNDLE_IDENTIFIER = me.rel.GHKitTests;
				PRODUCT_NAME = "$(TARGET_NAME)";
				TARGETED_DEVICE_FAMILY = "1,2";
				VALIDATE_PRODUCT = YES;
			};
			name = Release;
		};
/* End XCBuildConfiguration section */

/* Begin XCConfigurationList section */
		00D02270154DF111003BAAC3 /* Build configuration list for PBXProject "GHKit" */ = {
			isa = XCConfigurationList;
			buildConfigurations = (
				00D02272154DF111003BAAC3 /* Debug */,
				00D02273154DF111003BAAC3 /* Release */,
			);
			defaultConfigurationIsVisible = 0;
			defaultConfigurationName = Release;
		};
		4C7FA43D22947F9E00A8FA1B /* Build configuration list for PBXNativeTarget "GHKit" */ = {
			isa = XCConfigurationList;
			buildConfigurations = (
				4C7FA43E22947F9E00A8FA1B /* Debug */,
				4C7FA43F22947F9E00A8FA1B /* Release */,
			);
			defaultConfigurationIsVisible = 0;
			defaultConfigurationName = Release;
		};
		4C7FA48B229480E600A8FA1B /* Build configuration list for PBXNativeTarget "GHKitTests" */ = {
			isa = XCConfigurationList;
			buildConfigurations = (
				4C7FA48C229480E600A8FA1B /* Debug */,
				4C7FA48D229480E600A8FA1B /* Release */,
			);
			defaultConfigurationIsVisible = 0;
			defaultConfigurationName = Release;
		};
/* End XCConfigurationList section */
	};
	rootObject = 00D0226D154DF111003BAAC3 /* Project object */;
}
